PODS:
  - ActionSheetPicker-3.0 (2.3.0)
  - DateTimePicker (2.1.1)
  - DKChainableAnimationKit (2.0.1)
  - FSCalendar (2.7.9)
  - SemiModalViewController (1.0.0)

DEPENDENCIES:
  - ActionSheetPicker-3.0 (= 2.3.0)
  - DateTimePicker (= 2.1.1)
  - DKChainableAnimationKit (= 2.0.1)
  - FSCalendar (= 2.7.9)
  - SemiModalViewController

SPEC REPOS:
  https://github.com/cocoapods/specs.git:
    - ActionSheetPicker-3.0
    - DateTimePicker
    - DKChainableAnimationKit
    - FSCalendar
    - SemiModalViewController

SPEC CHECKSUMS:
  ActionSheetPicker-3.0: eef157d75e151f255c5333d26656c7fbfe905a51
  DateTimePicker: 69471582ced535078f1620fea98258aa2c305c83
  DKChainableAnimationKit: bbb3c33fba2cf696b5da2a27fc50540777befb88
  FSCalendar: a04b09f16f811bc92e82f3cf852a15225233b9d5
  SemiModalViewController: d080a7c7be7477d08c6877cd5a7c60c7008610f4

PODFILE CHECKSUM: 9abf37c08c0319713ab607033b3d4c369d70009a

COCOAPODS: 1.5.3
